# This file is automatically @generated by Cargo.
# It is not intended for manual editing.
[[package]]
name = "examples"
version = "0.0.0"
dependencies = [
 "net 0.1.0",
 "ui 0.1.0",
]

[[package]]
name = "net"
version = "0.1.0"

[[package]]
name = "tests"
version = "0.1.0"

[[package]]
name = "ui"
version = "0.1.0"

